
Microsoft Visual Studio Solution File, Format Version 12.00
# Visual Studio Version 17
VisualStudioVersion = 17.5.002.0
MinimumVisualStudioVersion = 10.0.40219.1
Project("{2150E333-8FDC-42A3-9474-1A3956D46DE8}") = "csharp-prep", "csharp-prep", "{1DB51C79-E447-4A47-A74D-B435ED83EFB6}"
EndProject
Project("{9A19103F-16F7-4668-BE54-9A1E7A4F7556}") = "Prep1", "csharp-prep\Prep1\Prep1.csproj", "{C379D171-84D6-46FD-A121-829389B046C4}"
EndProject
Project("{9A19103F-16F7-4668-BE54-9A1E7A4F7556}") = "Prep2", "csharp-prep\Prep2\Prep2.csproj", "{D1CEACC7-828B-4854-99D0-38D0D9DB26A0}"
EndProject
Project("{9A19103F-16F7-4668-BE54-9A1E7A4F7556}") = "Prep3", "csharp-prep\Prep3\Prep3.csproj", "{3255DDC7-E7F9-4224-B11F-25C9FFC66736}"
EndProject
Project("{9A19103F-16F7-4668-BE54-9A1E7A4F7556}") = "Prep4", "csharp-prep\Prep4\Prep4.csproj", "{71CE1807-D19F-4439-8961-78D84BBD5534}"
EndProject
Project("{9A19103F-16F7-4668-BE54-9A1E7A4F7556}") = "Prep5", "csharp-prep\Prep5\Prep5.csproj", "{05E08289-3A1B-4204-A849-CE365CEE6C31}"
EndProject
Project("{2150E333-8FDC-42A3-9474-1A3956D46DE8}") = "final", "final", "{817ED722-0A89-4AF4-A767-E2C011295ADF}"
EndProject
Project("{9A19103F-16F7-4668-BE54-9A1E7A4F7556}") = "FinalProject", "final\FinalProject\FinalProject.csproj", "{11894DE0-24E3-4BAD-B896-17CD01D71F72}"
EndProject
Project("{9A19103F-16F7-4668-BE54-9A1E7A4F7556}") = "Foundation1", "final\Foundation1\Foundation1.csproj", "{F7E6AC79-0758-48B1-90AF-182306073C18}"
EndProject
Project("{9A19103F-16F7-4668-BE54-9A1E7A4F7556}") = "Foundation2", "final\Foundation2\Foundation2.csproj", "{1093CC66-5628-4A72-8542-357E7E56A51D}"
EndProject
Project("{9A19103F-16F7-4668-BE54-9A1E7A4F7556}") = "Foundation3", "final\Foundation3\Foundation3.csproj", "{E84DE376-3158-4768-8A87-0F85462AB4DB}"
EndProject
Project("{9A19103F-16F7-4668-BE54-9A1E7A4F7556}") = "Foundation4", "final\Foundation4\Foundation4.csproj", "{6FE731A2-B5EC-48F7-B08A-54B6698B4BDE}"
EndProject
Project("{2150E333-8FDC-42A3-9474-1A3956D46DE8}") = "prepare", "prepare", "{6F1D3E9C-2BF9-4A03-A54E-6AD1130AC42E}"
EndProject
Project("{9A19103F-16F7-4668-BE54-9A1E7A4F7556}") = "Learning02", "prepare\Learning02\Learning02.csproj", "{914059D1-6930-4863-9D7F-9F12789F3C74}"
EndProject
Project("{9A19103F-16F7-4668-BE54-9A1E7A4F7556}") = "Learning03", "prepare\Learning03\Learning03.csproj", "{6B7B5A59-4F4F-4911-BD06-FC6CED97B48E}"
EndProject
Project("{9A19103F-16F7-4668-BE54-9A1E7A4F7556}") = "Learning04", "prepare\Learning04\Learning04.csproj", "{73AD5212-3F43-4168-B667-55C2CF9BDF61}"
EndProject
Project("{9A19103F-16F7-4668-BE54-9A1E7A4F7556}") = "Learning05", "prepare\Learning05\Learning05.csproj", "{06A24AD5-27CA-4F8C-84D5-E08A31BA2805}"
EndProject
Project("{2150E333-8FDC-42A3-9474-1A3956D46DE8}") = "prove", "prove", "{522858D5-B3FF-44DF-B9B3-ACF9F81C4028}"
EndProject
Project("{9A19103F-16F7-4668-BE54-9A1E7A4F7556}") = "Develop02", "prove\Develop02\Develop02.csproj", "{4C88394C-DAA0-463E-97B0-2E52C941AFA8}"
EndProject
Project("{9A19103F-16F7-4668-BE54-9A1E7A4F7556}") = "Develop03", "prove\Develop03\Develop03.csproj", "{B82AA154-3727-46DA-98CE-F03FE086BA74}"
EndProject
Project("{9A19103F-16F7-4668-BE54-9A1E7A4F7556}") = "Develop04", "prove\Develop04\Develop04.csproj", "{45087E44-B8BF-4B5B-9ACB-0AAB97215F9A}"
EndProject
Project("{9A19103F-16F7-4668-BE54-9A1E7A4F7556}") = "Develop05", "prove\Develop05\Develop05.csproj", "{8949F4F7-E8FD-4284-9784-B458C7B2FCD7}"
EndProject
Project("{2150E333-8FDC-42A3-9474-1A3956D46DE8}") = "sandbox", "sandbox", "{0F31EC78-3874-4CDA-90B0-CAF2248CBDBD}"
EndProject
Project("{9A19103F-16F7-4668-BE54-9A1E7A4F7556}") = "Sandbox", "sandbox\Sandbox\Sandbox.csproj", "{6507CFBB-0113-4EA8-94C1-5374FC664CFC}"
EndProject
Global
	GlobalSection(SolutionConfigurationPlatforms) = preSolution
		Debug|Any CPU = Debug|Any CPU
		Release|Any CPU = Release|Any CPU
	EndGlobalSection
	GlobalSection(ProjectConfigurationPlatforms) = postSolution
		{C379D171-84D6-46FD-A121-829389B046C4}.Debug|Any CPU.ActiveCfg = Debug|Any CPU
		{C379D171-84D6-46FD-A121-829389B046C4}.Debug|Any CPU.Build.0 = Debug|Any CPU
		{C379D171-84D6-46FD-A121-829389B046C4}.Release|Any CPU.ActiveCfg = Release|Any CPU
		{C379D171-84D6-46FD-A121-829389B046C4}.Release|Any CPU.Build.0 = Release|Any CPU
		{D1CEACC7-828B-4854-99D0-38D0D9DB26A0}.Debug|Any CPU.ActiveCfg = Debug|Any CPU
		{D1CEACC7-828B-4854-99D0-38D0D9DB26A0}.Debug|Any CPU.Build.0 = Debug|Any CPU
		{D1CEACC7-828B-4854-99D0-38D0D9DB26A0}.Release|Any CPU.ActiveCfg = Release|Any CPU
		{D1CEACC7-828B-4854-99D0-38D0D9DB26A0}.Release|Any CPU.Build.0 = Release|Any CPU
		{3255DDC7-E7F9-4224-B11F-25C9FFC66736}.Debug|Any CPU.ActiveCfg = Debug|Any CPU
		{3255DDC7-E7F9-4224-B11F-25C9FFC66736}.Debug|Any CPU.Build.0 = Debug|Any CPU
		{3255DDC7-E7F9-4224-B11F-25C9FFC66736}.Release|Any CPU.ActiveCfg = Release|Any CPU
		{3255DDC7-E7F9-4224-B11F-25C9FFC66736}.Release|Any CPU.Build.0 = Release|Any CPU
		{71CE1807-D19F-4439-8961-78D84BBD5534}.Debug|Any CPU.ActiveCfg = Debug|Any CPU
		{71CE1807-D19F-4439-8961-78D84BBD5534}.Debug|Any CPU.Build.0 = Debug|Any CPU
		{71CE1807-D19F-4439-8961-78D84BBD5534}.Release|Any CPU.ActiveCfg = Release|Any CPU
		{71CE1807-D19F-4439-8961-78D84BBD5534}.Release|Any CPU.Build.0 = Release|Any CPU
		{05E08289-3A1B-4204-A849-CE365CEE6C31}.Debug|Any CPU.ActiveCfg = Debug|Any CPU
		{05E08289-3A1B-4204-A849-CE365CEE6C31}.Debug|Any CPU.Build.0 = Debug|Any CPU
		{05E08289-3A1B-4204-A849-CE365CEE6C31}.Release|Any CPU.ActiveCfg = Release|Any CPU
		{05E08289-3A1B-4204-A849-CE365CEE6C31}.Release|Any CPU.Build.0 = Release|Any CPU
		{11894DE0-24E3-4BAD-B896-17CD01D71F72}.Debug|Any CPU.ActiveCfg = Debug|Any CPU
		{11894DE0-24E3-4BAD-B896-17CD01D71F72}.Debug|Any CPU.Build.0 = Debug|Any CPU
		{11894DE0-24E3-4BAD-B896-17CD01D71F72}.Release|Any CPU.ActiveCfg = Release|Any CPU
		{11894DE0-24E3-4BAD-B896-17CD01D71F72}.Release|Any CPU.Build.0 = Release|Any CPU
		{F7E6AC79-0758-48B1-90AF-182306073C18}.Debug|Any CPU.ActiveCfg = Debug|Any CPU
		{F7E6AC79-0758-48B1-90AF-182306073C18}.Debug|Any CPU.Build.0 = Debug|Any CPU
		{F7E6AC79-0758-48B1-90AF-182306073C18}.Release|Any CPU.ActiveCfg = Release|Any CPU
		{F7E6AC79-0758-48B1-90AF-182306073C18}.Release|Any CPU.Build.0 = Release|Any CPU
		{1093CC66-5628-4A72-8542-357E7E56A51D}.Debug|Any CPU.ActiveCfg = Debug|Any CPU
		{1093CC66-5628-4A72-8542-357E7E56A51D}.Debug|Any CPU.Build.0 = Debug|Any CPU
		{1093CC66-5628-4A72-8542-357E7E56A51D}.Release|Any CPU.ActiveCfg = Release|Any CPU
		{1093CC66-5628-4A72-8542-357E7E56A51D}.Release|Any CPU.Build.0 = Release|Any CPU
		{E84DE376-3158-4768-8A87-0F85462AB4DB}.Debug|Any CPU.ActiveCfg = Debug|Any CPU
		{E84DE376-3158-4768-8A87-0F85462AB4DB}.Debug|Any CPU.Build.0 = Debug|Any CPU
		{E84DE376-3158-4768-8A87-0F85462AB4DB}.Release|Any CPU.ActiveCfg = Release|Any CPU
		{E84DE376-3158-4768-8A87-0F85462AB4DB}.Release|Any CPU.Build.0 = Release|Any CPU
		{6FE731A2-B5EC-48F7-B08A-54B6698B4BDE}.Debug|Any CPU.ActiveCfg = Debug|Any CPU
		{6FE731A2-B5EC-48F7-B08A-54B6698B4BDE}.Debug|Any CPU.Build.0 = Debug|Any CPU
		{6FE731A2-B5EC-48F7-B08A-54B6698B4BDE}.Release|Any CPU.ActiveCfg = Release|Any CPU
		{6FE731A2-B5EC-48F7-B08A-54B6698B4BDE}.Release|Any CPU.Build.0 = Release|Any CPU
		{914059D1-6930-4863-9D7F-9F12789F3C74}.Debug|Any CPU.ActiveCfg = Debug|Any CPU
		{914059D1-6930-4863-9D7F-9F12789F3C74}.Debug|Any CPU.Build.0 = Debug|Any CPU
		{914059D1-6930-4863-9D7F-9F12789F3C74}.Release|Any CPU.ActiveCfg = Release|Any CPU
		{914059D1-6930-4863-9D7F-9F12789F3C74}.Release|Any CPU.Build.0 = Release|Any CPU
		{6B7B5A59-4F4F-4911-BD06-FC6CED97B48E}.Debug|Any CPU.ActiveCfg = Debug|Any CPU
		{6B7B5A59-4F4F-4911-BD06-FC6CED97B48E}.Debug|Any CPU.Build.0 = Debug|Any CPU
		{6B7B5A59-4F4F-4911-BD06-FC6CED97B48E}.Release|Any CPU.ActiveCfg = Release|Any CPU
		{6B7B5A59-4F4F-4911-BD06-FC6CED97B48E}.Release|Any CPU.Build.0 = Release|Any CPU
		{73AD5212-3F43-4168-B667-55C2CF9BDF61}.Debug|Any CPU.ActiveCfg = Debug|Any CPU
		{73AD5212-3F43-4168-B667-55C2CF9BDF61}.Debug|Any CPU.Build.0 = Debug|Any CPU
		{73AD5212-3F43-4168-B667-55C2CF9BDF61}.Release|Any CPU.ActiveCfg = Release|Any CPU
		{73AD5212-3F43-4168-B667-55C2CF9BDF61}.Release|Any CPU.Build.0 = Release|Any CPU
		{06A24AD5-27CA-4F8C-84D5-E08A31BA2805}.Debug|Any CPU.ActiveCfg = Debug|Any CPU
		{06A24AD5-27CA-4F8C-84D5-E08A31BA2805}.Debug|Any CPU.Build.0 = Debug|Any CPU
		{06A24AD5-27CA-4F8C-84D5-E08A31BA2805}.Release|Any CPU.ActiveCfg = Release|Any CPU
		{06A24AD5-27CA-4F8C-84D5-E08A31BA2805}.Release|Any CPU.Build.0 = Release|Any CPU
		{4C88394C-DAA0-463E-97B0-2E52C941AFA8}.Debug|Any CPU.ActiveCfg = Debug|Any CPU
		{4C88394C-DAA0-463E-97B0-2E52C941AFA8}.Debug|Any CPU.Build.0 = Debug|Any CPU
		{4C88394C-DAA0-463E-97B0-2E52C941AFA8}.Release|Any CPU.ActiveCfg = Release|Any CPU
		{4C88394C-DAA0-463E-97B0-2E52C941AFA8}.Release|Any CPU.Build.0 = Release|Any CPU
		{B82AA154-3727-46DA-98CE-F03FE086BA74}.Debug|Any CPU.ActiveCfg = Debug|Any CPU
		{B82AA154-3727-46DA-98CE-F03FE086BA74}.Debug|Any CPU.Build.0 = Debug|Any CPU
		{B82AA154-3727-46DA-98CE-F03FE086BA74}.Release|Any CPU.ActiveCfg = Release|Any CPU
		{B82AA154-3727-46DA-98CE-F03FE086BA74}.Release|Any CPU.Build.0 = Release|Any CPU
		{45087E44-B8BF-4B5B-9ACB-0AAB97215F9A}.Debug|Any CPU.ActiveCfg = Debug|Any CPU
		{45087E44-B8BF-4B5B-9ACB-0AAB97215F9A}.Debug|Any CPU.Build.0 = Debug|Any CPU
		{45087E44-B8BF-4B5B-9ACB-0AAB97215F9A}.Release|Any CPU.ActiveCfg = Release|Any CPU
		{45087E44-B8BF-4B5B-9ACB-0AAB97215F9A}.Release|Any CPU.Build.0 = Release|Any CPU
		{8949F4F7-E8FD-4284-9784-B458C7B2FCD7}.Debug|Any CPU.ActiveCfg = Debug|Any CPU
		{8949F4F7-E8FD-4284-9784-B458C7B2FCD7}.Debug|Any CPU.Build.0 = Debug|Any CPU
		{8949F4F7-E8FD-4284-9784-B458C7B2FCD7}.Release|Any CPU.ActiveCfg = Release|Any CPU
		{8949F4F7-E8FD-4284-9784-B458C7B2FCD7}.Release|Any CPU.Build.0 = Release|Any CPU
		{6507CFBB-0113-4EA8-94C1-5374FC664CFC}.Debug|Any CPU.ActiveCfg = Debug|Any CPU
		{6507CFBB-0113-4EA8-94C1-5374FC664CFC}.Debug|Any CPU.Build.0 = Debug|Any CPU
		{6507CFBB-0113-4EA8-94C1-5374FC664CFC}.Release|Any CPU.ActiveCfg = Release|Any CPU
		{6507CFBB-0113-4EA8-94C1-5374FC664CFC}.Release|Any CPU.Build.0 = Release|Any CPU
	EndGlobalSection
	GlobalSection(SolutionProperties) = preSolution
		HideSolutionNode = FALSE
	EndGlobalSection
	GlobalSection(NestedProjects) = preSolution
		{C379D171-84D6-46FD-A121-829389B046C4} = {1DB51C79-E447-4A47-A74D-B435ED83EFB6}
		{D1CEACC7-828B-4854-99D0-38D0D9DB26A0} = {1DB51C79-E447-4A47-A74D-B435ED83EFB6}
		{3255DDC7-E7F9-4224-B11F-25C9FFC66736} = {1DB51C79-E447-4A47-A74D-B435ED83EFB6}
		{71CE1807-D19F-4439-8961-78D84BBD5534} = {1DB51C79-E447-4A47-A74D-B435ED83EFB6}
		{05E08289-3A1B-4204-A849-CE365CEE6C31} = {1DB51C79-E447-4A47-A74D-B435ED83EFB6}
		{11894DE0-24E3-4BAD-B896-17CD01D71F72} = {817ED722-0A89-4AF4-A767-E2C011295ADF}
		{F7E6AC79-0758-48B1-90AF-182306073C18} = {817ED722-0A89-4AF4-A767-E2C011295ADF}
		{1093CC66-5628-4A72-8542-357E7E56A51D} = {817ED722-0A89-4AF4-A767-E2C011295ADF}
		{E84DE376-3158-4768-8A87-0F85462AB4DB} = {817ED722-0A89-4AF4-A767-E2C011295ADF}
		{6FE731A2-B5EC-48F7-B08A-54B6698B4BDE} = {817ED722-0A89-4AF4-A767-E2C011295ADF}
		{914059D1-6930-4863-9D7F-9F12789F3C74} = {6F1D3E9C-2BF9-4A03-A54E-6AD1130AC42E}
		{6B7B5A59-4F4F-4911-BD06-FC6CED97B48E} = {6F1D3E9C-2BF9-4A03-A54E-6AD1130AC42E}
		{73AD5212-3F43-4168-B667-55C2CF9BDF61} = {6F1D3E9C-2BF9-4A03-A54E-6AD1130AC42E}
		{06A24AD5-27CA-4F8C-84D5-E08A31BA2805} = {6F1D3E9C-2BF9-4A03-A54E-6AD1130AC42E}
		{4C88394C-DAA0-463E-97B0-2E52C941AFA8} = {522858D5-B3FF-44DF-B9B3-ACF9F81C4028}
		{B82AA154-3727-46DA-98CE-F03FE086BA74} = {522858D5-B3FF-44DF-B9B3-ACF9F81C4028}
		{45087E44-B8BF-4B5B-9ACB-0AAB97215F9A} = {522858D5-B3FF-44DF-B9B3-ACF9F81C4028}
		{8949F4F7-E8FD-4284-9784-B458C7B2FCD7} = {522858D5-B3FF-44DF-B9B3-ACF9F81C4028}
		{6507CFBB-0113-4EA8-94C1-5374FC664CFC} = {0F31EC78-3874-4CDA-90B0-CAF2248CBDBD}
	EndGlobalSection
	GlobalSection(ExtensibilityGlobals) = postSolution
		SolutionGuid = {ACD0F0F2-C332-4E5C-BB17-2C3C863EDF94}
	EndGlobalSection
EndGlobal
