
Microsoft Visual Studio Solution File, Format Version 12.00
# Visual Studio Version 17
VisualStudioVersion = 17.5.002.0
MinimumVisualStudioVersion = 10.0.40219.1
Project("{2150E333-8FDC-42A3-9474-1A3956D46DE8}") = "csharp-prep", "csharp-prep", "{89D88F75-AD9E-4CC0-96BE-358A4E437767}"
EndProject
Project("{9A19103F-16F7-4668-BE54-9A1E7A4F7556}") = "Prep1", "csharp-prep\Prep1\Prep1.csproj", "{FDE586AC-3E75-4FC2-8AD2-56D82AC3E0D5}"
EndProject
Project("{9A19103F-16F7-4668-BE54-9A1E7A4F7556}") = "Prep2", "csharp-prep\Prep2\Prep2.csproj", "{225CB575-2B70-46B0-8096-90C1666A7A8A}"
EndProject
Project("{9A19103F-16F7-4668-BE54-9A1E7A4F7556}") = "Prep3", "csharp-prep\Prep3\Prep3.csproj", "{1CCFF866-A407-46A1-97A4-C10D92725581}"
EndProject
Project("{9A19103F-16F7-4668-BE54-9A1E7A4F7556}") = "Prep4", "csharp-prep\Prep4\Prep4.csproj", "{0A7BF1C9-6CDE-4FFB-820B-3861A60315EF}"
EndProject
Project("{9A19103F-16F7-4668-BE54-9A1E7A4F7556}") = "Prep5", "csharp-prep\Prep5\Prep5.csproj", "{E0AB06FC-114F-456D-83E0-C462EFCBB090}"
EndProject
Project("{2150E333-8FDC-42A3-9474-1A3956D46DE8}") = "final", "final", "{54F31B96-CEEB-4FAD-A09D-F5CBD662BB54}"
EndProject
Project("{9A19103F-16F7-4668-BE54-9A1E7A4F7556}") = "FinalProject", "final\FinalProject\FinalProject.csproj", "{E0439BDB-B092-48A8-BCCC-1D31FDB24688}"
EndProject
Project("{9A19103F-16F7-4668-BE54-9A1E7A4F7556}") = "Foundation1", "final\Foundation1\Foundation1.csproj", "{943F02B3-D020-4E24-8588-DD2B4F91028B}"
EndProject
Project("{9A19103F-16F7-4668-BE54-9A1E7A4F7556}") = "Foundation2", "final\Foundation2\Foundation2.csproj", "{B700B76E-3445-4BB7-805A-3FA6F6C64F9D}"
EndProject
Project("{9A19103F-16F7-4668-BE54-9A1E7A4F7556}") = "Foundation3", "final\Foundation3\Foundation3.csproj", "{3637EE77-539F-4F96-B59D-1F029361BD16}"
EndProject
Project("{9A19103F-16F7-4668-BE54-9A1E7A4F7556}") = "Foundation4", "final\Foundation4\Foundation4.csproj", "{4580DD96-B645-4EBC-B604-78893B0008AF}"
EndProject
Project("{2150E333-8FDC-42A3-9474-1A3956D46DE8}") = "prepare", "prepare", "{9B797AC1-6084-4D15-9ED9-C86FB3AA01A0}"
EndProject
Project("{9A19103F-16F7-4668-BE54-9A1E7A4F7556}") = "Learning02", "prepare\Learning02\Learning02.csproj", "{DF79DB23-5A90-4790-9757-3177862147A8}"
EndProject
Project("{9A19103F-16F7-4668-BE54-9A1E7A4F7556}") = "Learning03", "prepare\Learning03\Learning03.csproj", "{F895098F-190B-43B6-8C46-DC0A14946F42}"
EndProject
Project("{9A19103F-16F7-4668-BE54-9A1E7A4F7556}") = "Learning04", "prepare\Learning04\Learning04.csproj", "{BF687164-C7BB-4A74-AD80-82D299DDFB91}"
EndProject
Project("{9A19103F-16F7-4668-BE54-9A1E7A4F7556}") = "Learning05", "prepare\Learning05\Learning05.csproj", "{173FCE07-C048-4F0B-9DA2-E2A608630602}"
EndProject
Project("{2150E333-8FDC-42A3-9474-1A3956D46DE8}") = "prove", "prove", "{95951FF1-EA2F-455A-99E3-B74254F0721E}"
EndProject
Project("{9A19103F-16F7-4668-BE54-9A1E7A4F7556}") = "Develop02", "prove\Develop02\Develop02.csproj", "{74854C16-4ACA-492E-ADEA-2F1152F6A1F1}"
EndProject
Project("{9A19103F-16F7-4668-BE54-9A1E7A4F7556}") = "Develop03", "prove\Develop03\Develop03.csproj", "{3080BB89-55EB-46C3-975E-766DD2617975}"
EndProject
Project("{9A19103F-16F7-4668-BE54-9A1E7A4F7556}") = "Develop04", "prove\Develop04\Develop04.csproj", "{4326782E-1304-48AC-ADA3-CAEADA14CD6E}"
EndProject
Project("{9A19103F-16F7-4668-BE54-9A1E7A4F7556}") = "Develop05", "prove\Develop05\Develop05.csproj", "{250E9735-15A5-4980-84FE-6E7086F8CAA9}"
EndProject
Project("{2150E333-8FDC-42A3-9474-1A3956D46DE8}") = "sandbox", "sandbox", "{BB8591D7-9257-4CC3-9001-DD5167765470}"
EndProject
Project("{9A19103F-16F7-4668-BE54-9A1E7A4F7556}") = "Sandbox", "sandbox\Sandbox\Sandbox.csproj", "{4386AE32-EDF6-4E42-96A6-7C9BCB9AC9AE}"
EndProject
Global
	GlobalSection(SolutionConfigurationPlatforms) = preSolution
		Debug|Any CPU = Debug|Any CPU
		Release|Any CPU = Release|Any CPU
	EndGlobalSection
	GlobalSection(ProjectConfigurationPlatforms) = postSolution
		{FDE586AC-3E75-4FC2-8AD2-56D82AC3E0D5}.Debug|Any CPU.ActiveCfg = Debug|Any CPU
		{FDE586AC-3E75-4FC2-8AD2-56D82AC3E0D5}.Debug|Any CPU.Build.0 = Debug|Any CPU
		{FDE586AC-3E75-4FC2-8AD2-56D82AC3E0D5}.Release|Any CPU.ActiveCfg = Release|Any CPU
		{FDE586AC-3E75-4FC2-8AD2-56D82AC3E0D5}.Release|Any CPU.Build.0 = Release|Any CPU
		{225CB575-2B70-46B0-8096-90C1666A7A8A}.Debug|Any CPU.ActiveCfg = Debug|Any CPU
		{225CB575-2B70-46B0-8096-90C1666A7A8A}.Debug|Any CPU.Build.0 = Debug|Any CPU
		{225CB575-2B70-46B0-8096-90C1666A7A8A}.Release|Any CPU.ActiveCfg = Release|Any CPU
		{225CB575-2B70-46B0-8096-90C1666A7A8A}.Release|Any CPU.Build.0 = Release|Any CPU
		{1CCFF866-A407-46A1-97A4-C10D92725581}.Debug|Any CPU.ActiveCfg = Debug|Any CPU
		{1CCFF866-A407-46A1-97A4-C10D92725581}.Debug|Any CPU.Build.0 = Debug|Any CPU
		{1CCFF866-A407-46A1-97A4-C10D92725581}.Release|Any CPU.ActiveCfg = Release|Any CPU
		{1CCFF866-A407-46A1-97A4-C10D92725581}.Release|Any CPU.Build.0 = Release|Any CPU
		{0A7BF1C9-6CDE-4FFB-820B-3861A60315EF}.Debug|Any CPU.ActiveCfg = Debug|Any CPU
		{0A7BF1C9-6CDE-4FFB-820B-3861A60315EF}.Debug|Any CPU.Build.0 = Debug|Any CPU
		{0A7BF1C9-6CDE-4FFB-820B-3861A60315EF}.Release|Any CPU.ActiveCfg = Release|Any CPU
		{0A7BF1C9-6CDE-4FFB-820B-3861A60315EF}.Release|Any CPU.Build.0 = Release|Any CPU
		{E0AB06FC-114F-456D-83E0-C462EFCBB090}.Debug|Any CPU.ActiveCfg = Debug|Any CPU
		{E0AB06FC-114F-456D-83E0-C462EFCBB090}.Debug|Any CPU.Build.0 = Debug|Any CPU
		{E0AB06FC-114F-456D-83E0-C462EFCBB090}.Release|Any CPU.ActiveCfg = Release|Any CPU
		{E0AB06FC-114F-456D-83E0-C462EFCBB090}.Release|Any CPU.Build.0 = Release|Any CPU
		{E0439BDB-B092-48A8-BCCC-1D31FDB24688}.Debug|Any CPU.ActiveCfg = Debug|Any CPU
		{E0439BDB-B092-48A8-BCCC-1D31FDB24688}.Debug|Any CPU.Build.0 = Debug|Any CPU
		{E0439BDB-B092-48A8-BCCC-1D31FDB24688}.Release|Any CPU.ActiveCfg = Release|Any CPU
		{E0439BDB-B092-48A8-BCCC-1D31FDB24688}.Release|Any CPU.Build.0 = Release|Any CPU
		{943F02B3-D020-4E24-8588-DD2B4F91028B}.Debug|Any CPU.ActiveCfg = Debug|Any CPU
		{943F02B3-D020-4E24-8588-DD2B4F91028B}.Debug|Any CPU.Build.0 = Debug|Any CPU
		{943F02B3-D020-4E24-8588-DD2B4F91028B}.Release|Any CPU.ActiveCfg = Release|Any CPU
		{943F02B3-D020-4E24-8588-DD2B4F91028B}.Release|Any CPU.Build.0 = Release|Any CPU
		{B700B76E-3445-4BB7-805A-3FA6F6C64F9D}.Debug|Any CPU.ActiveCfg = Debug|Any CPU
		{B700B76E-3445-4BB7-805A-3FA6F6C64F9D}.Debug|Any CPU.Build.0 = Debug|Any CPU
		{B700B76E-3445-4BB7-805A-3FA6F6C64F9D}.Release|Any CPU.ActiveCfg = Release|Any CPU
		{B700B76E-3445-4BB7-805A-3FA6F6C64F9D}.Release|Any CPU.Build.0 = Release|Any CPU
		{3637EE77-539F-4F96-B59D-1F029361BD16}.Debug|Any CPU.ActiveCfg = Debug|Any CPU
		{3637EE77-539F-4F96-B59D-1F029361BD16}.Debug|Any CPU.Build.0 = Debug|Any CPU
		{3637EE77-539F-4F96-B59D-1F029361BD16}.Release|Any CPU.ActiveCfg = Release|Any CPU
		{3637EE77-539F-4F96-B59D-1F029361BD16}.Release|Any CPU.Build.0 = Release|Any CPU
		{4580DD96-B645-4EBC-B604-78893B0008AF}.Debug|Any CPU.ActiveCfg = Debug|Any CPU
		{4580DD96-B645-4EBC-B604-78893B0008AF}.Debug|Any CPU.Build.0 = Debug|Any CPU
		{4580DD96-B645-4EBC-B604-78893B0008AF}.Release|Any CPU.ActiveCfg = Release|Any CPU
		{4580DD96-B645-4EBC-B604-78893B0008AF}.Release|Any CPU.Build.0 = Release|Any CPU
		{DF79DB23-5A90-4790-9757-3177862147A8}.Debug|Any CPU.ActiveCfg = Debug|Any CPU
		{DF79DB23-5A90-4790-9757-3177862147A8}.Debug|Any CPU.Build.0 = Debug|Any CPU
		{DF79DB23-5A90-4790-9757-3177862147A8}.Release|Any CPU.ActiveCfg = Release|Any CPU
		{DF79DB23-5A90-4790-9757-3177862147A8}.Release|Any CPU.Build.0 = Release|Any CPU
		{F895098F-190B-43B6-8C46-DC0A14946F42}.Debug|Any CPU.ActiveCfg = Debug|Any CPU
		{F895098F-190B-43B6-8C46-DC0A14946F42}.Debug|Any CPU.Build.0 = Debug|Any CPU
		{F895098F-190B-43B6-8C46-DC0A14946F42}.Release|Any CPU.ActiveCfg = Release|Any CPU
		{F895098F-190B-43B6-8C46-DC0A14946F42}.Release|Any CPU.Build.0 = Release|Any CPU
		{BF687164-C7BB-4A74-AD80-82D299DDFB91}.Debug|Any CPU.ActiveCfg = Debug|Any CPU
		{BF687164-C7BB-4A74-AD80-82D299DDFB91}.Debug|Any CPU.Build.0 = Debug|Any CPU
		{BF687164-C7BB-4A74-AD80-82D299DDFB91}.Release|Any CPU.ActiveCfg = Release|Any CPU
		{BF687164-C7BB-4A74-AD80-82D299DDFB91}.Release|Any CPU.Build.0 = Release|Any CPU
		{173FCE07-C048-4F0B-9DA2-E2A608630602}.Debug|Any CPU.ActiveCfg = Debug|Any CPU
		{173FCE07-C048-4F0B-9DA2-E2A608630602}.Debug|Any CPU.Build.0 = Debug|Any CPU
		{173FCE07-C048-4F0B-9DA2-E2A608630602}.Release|Any CPU.ActiveCfg = Release|Any CPU
		{173FCE07-C048-4F0B-9DA2-E2A608630602}.Release|Any CPU.Build.0 = Release|Any CPU
		{74854C16-4ACA-492E-ADEA-2F1152F6A1F1}.Debug|Any CPU.ActiveCfg = Debug|Any CPU
		{74854C16-4ACA-492E-ADEA-2F1152F6A1F1}.Debug|Any CPU.Build.0 = Debug|Any CPU
		{74854C16-4ACA-492E-ADEA-2F1152F6A1F1}.Release|Any CPU.ActiveCfg = Release|Any CPU
		{74854C16-4ACA-492E-ADEA-2F1152F6A1F1}.Release|Any CPU.Build.0 = Release|Any CPU
		{3080BB89-55EB-46C3-975E-766DD2617975}.Debug|Any CPU.ActiveCfg = Debug|Any CPU
		{3080BB89-55EB-46C3-975E-766DD2617975}.Debug|Any CPU.Build.0 = Debug|Any CPU
		{3080BB89-55EB-46C3-975E-766DD2617975}.Release|Any CPU.ActiveCfg = Release|Any CPU
		{3080BB89-55EB-46C3-975E-766DD2617975}.Release|Any CPU.Build.0 = Release|Any CPU
		{4326782E-1304-48AC-ADA3-CAEADA14CD6E}.Debug|Any CPU.ActiveCfg = Debug|Any CPU
		{4326782E-1304-48AC-ADA3-CAEADA14CD6E}.Debug|Any CPU.Build.0 = Debug|Any CPU
		{4326782E-1304-48AC-ADA3-CAEADA14CD6E}.Release|Any CPU.ActiveCfg = Release|Any CPU
		{4326782E-1304-48AC-ADA3-CAEADA14CD6E}.Release|Any CPU.Build.0 = Release|Any CPU
		{250E9735-15A5-4980-84FE-6E7086F8CAA9}.Debug|Any CPU.ActiveCfg = Debug|Any CPU
		{250E9735-15A5-4980-84FE-6E7086F8CAA9}.Debug|Any CPU.Build.0 = Debug|Any CPU
		{250E9735-15A5-4980-84FE-6E7086F8CAA9}.Release|Any CPU.ActiveCfg = Release|Any CPU
		{250E9735-15A5-4980-84FE-6E7086F8CAA9}.Release|Any CPU.Build.0 = Release|Any CPU
		{4386AE32-EDF6-4E42-96A6-7C9BCB9AC9AE}.Debug|Any CPU.ActiveCfg = Debug|Any CPU
		{4386AE32-EDF6-4E42-96A6-7C9BCB9AC9AE}.Debug|Any CPU.Build.0 = Debug|Any CPU
		{4386AE32-EDF6-4E42-96A6-7C9BCB9AC9AE}.Release|Any CPU.ActiveCfg = Release|Any CPU
		{4386AE32-EDF6-4E42-96A6-7C9BCB9AC9AE}.Release|Any CPU.Build.0 = Release|Any CPU
	EndGlobalSection
	GlobalSection(SolutionProperties) = preSolution
		HideSolutionNode = FALSE
	EndGlobalSection
	GlobalSection(NestedProjects) = preSolution
		{FDE586AC-3E75-4FC2-8AD2-56D82AC3E0D5} = {89D88F75-AD9E-4CC0-96BE-358A4E437767}
		{225CB575-2B70-46B0-8096-90C1666A7A8A} = {89D88F75-AD9E-4CC0-96BE-358A4E437767}
		{1CCFF866-A407-46A1-97A4-C10D92725581} = {89D88F75-AD9E-4CC0-96BE-358A4E437767}
		{0A7BF1C9-6CDE-4FFB-820B-3861A60315EF} = {89D88F75-AD9E-4CC0-96BE-358A4E437767}
		{E0AB06FC-114F-456D-83E0-C462EFCBB090} = {89D88F75-AD9E-4CC0-96BE-358A4E437767}
		{E0439BDB-B092-48A8-BCCC-1D31FDB24688} = {54F31B96-CEEB-4FAD-A09D-F5CBD662BB54}
		{943F02B3-D020-4E24-8588-DD2B4F91028B} = {54F31B96-CEEB-4FAD-A09D-F5CBD662BB54}
		{B700B76E-3445-4BB7-805A-3FA6F6C64F9D} = {54F31B96-CEEB-4FAD-A09D-F5CBD662BB54}
		{3637EE77-539F-4F96-B59D-1F029361BD16} = {54F31B96-CEEB-4FAD-A09D-F5CBD662BB54}
		{4580DD96-B645-4EBC-B604-78893B0008AF} = {54F31B96-CEEB-4FAD-A09D-F5CBD662BB54}
		{DF79DB23-5A90-4790-9757-3177862147A8} = {9B797AC1-6084-4D15-9ED9-C86FB3AA01A0}
		{F895098F-190B-43B6-8C46-DC0A14946F42} = {9B797AC1-6084-4D15-9ED9-C86FB3AA01A0}
		{BF687164-C7BB-4A74-AD80-82D299DDFB91} = {9B797AC1-6084-4D15-9ED9-C86FB3AA01A0}
		{173FCE07-C048-4F0B-9DA2-E2A608630602} = {9B797AC1-6084-4D15-9ED9-C86FB3AA01A0}
		{74854C16-4ACA-492E-ADEA-2F1152F6A1F1} = {95951FF1-EA2F-455A-99E3-B74254F0721E}
		{3080BB89-55EB-46C3-975E-766DD2617975} = {95951FF1-EA2F-455A-99E3-B74254F0721E}
		{4326782E-1304-48AC-ADA3-CAEADA14CD6E} = {95951FF1-EA2F-455A-99E3-B74254F0721E}
		{250E9735-15A5-4980-84FE-6E7086F8CAA9} = {95951FF1-EA2F-455A-99E3-B74254F0721E}
		{4386AE32-EDF6-4E42-96A6-7C9BCB9AC9AE} = {BB8591D7-9257-4CC3-9001-DD5167765470}
	EndGlobalSection
	GlobalSection(ExtensibilityGlobals) = postSolution
		SolutionGuid = {F011F655-BBF3-42EA-82F7-976DA722731C}
	EndGlobalSection
EndGlobal
